
Microsoft Visual Studio Solution File, Format Version 12.00
# Visual Studio Version 17
VisualStudioVersion = 17.5.33424.131
MinimumVisualStudioVersion = 10.0.40219.1
Project("{8BC9CEB8-8B4A-11D0-8D11-00A0C91BC942}") = "142_singlelinkedlist", "142_singlelinkedlist\142_singlelinkedlist.vcxproj", "{993E01CA-5F80-4B60-850B-A84FC39381ED}"
EndProject
Global
	GlobalSection(SolutionConfigurationPlatforms) = preSolution
		Debug|x64 = Debug|x64
		Debug|x86 = Debug|x86
		Release|x64 = Release|x64
		Release|x86 = Release|x86
	EndGlobalSection
	GlobalSection(ProjectConfigurationPlatforms) = postSolution
		{993E01CA-5F80-4B60-850B-A84FC39381ED}.Debug|x64.ActiveCfg = Debug|x64
		{993E01CA-5F80-4B60-850B-A84FC39381ED}.Debug|x64.Build.0 = Debug|x64
		{993E01CA-5F80-4B60-850B-A84FC39381ED}.Debug|x86.ActiveCfg = Debug|Win32
		{993E01CA-5F80-4B60-850B-A84FC39381ED}.Debug|x86.Build.0 = Debug|Win32
		{993E01CA-5F80-4B60-850B-A84FC39381ED}.Release|x64.ActiveCfg = Release|x64
		{993E01CA-5F80-4B60-850B-A84FC39381ED}.Release|x64.Build.0 = Release|x64
		{993E01CA-5F80-4B60-850B-A84FC39381ED}.Release|x86.ActiveCfg = Release|Win32
		{993E01CA-5F80-4B60-850B-A84FC39381ED}.Release|x86.Build.0 = Release|Win32
	EndGlobalSection
	GlobalSection(SolutionProperties) = preSolution
		HideSolutionNode = FALSE
	EndGlobalSection
	GlobalSection(ExtensibilityGlobals) = postSolution
		SolutionGuid = {1F3A6DF0-3C49-4C51-827D-3AAC2B1A90B7}
	EndGlobalSection
EndGlobal
